
Microsoft Visual Studio Solution File, Format Version 12.00
# Visual Studio Version 16
VisualStudioVersion = 16.0.29709.97
MinimumVisualStudioVersion = 10.0.40219.1
Project("{FAE04EC0-301F-11D3-BF4B-00C04F79EFBC}") = "TBQuestGame", "TBQuestGame\TBQuestGame.csproj", "{C926B8B4-E509-4B3A-87C8-39D094BD2FE5}"
EndProject
Project("{FAE04EC0-301F-11D3-BF4B-00C04F79EFBC}") = "TBQuestGame.S3", "TBQuestGame.S3\TBQuestGame.S3.csproj", "{012462AC-81B2-4F20-B8E0-0960C97ABBDC}"
EndProject
Project("{FAE04EC0-301F-11D3-BF4B-00C04F79EFBC}") = "TBQuestGame.S2", "TBQuestGame.S2\TBQuestGame.S2.csproj", "{11AE3402-CAB0-42C3-A162-E9B3370FAF48}"
EndProject
Project("{FAE04EC0-301F-11D3-BF4B-00C04F79EFBC}") = "TBQuestGame.S4", "TBQuestGame.S4\TBQuestGame.S4.csproj", "{CE95860C-CE2E-40D9-BB8C-9CC5B917D45C}"
EndProject
Project("{FAE04EC0-301F-11D3-BF4B-00C04F79EFBC}") = "TBQuestGame.S5", "TBQuestGame.S5\TBQuestGame.S5.csproj", "{CB7C782C-41BE-4920-B2C2-069DA230387D}"
EndProject
Global
	GlobalSection(SolutionConfigurationPlatforms) = preSolution
		Debug|Any CPU = Debug|Any CPU
		Release|Any CPU = Release|Any CPU
	EndGlobalSection
	GlobalSection(ProjectConfigurationPlatforms) = postSolution
		{C926B8B4-E509-4B3A-87C8-39D094BD2FE5}.Debug|Any CPU.ActiveCfg = Debug|Any CPU
		{C926B8B4-E509-4B3A-87C8-39D094BD2FE5}.Debug|Any CPU.Build.0 = Debug|Any CPU
		{C926B8B4-E509-4B3A-87C8-39D094BD2FE5}.Release|Any CPU.ActiveCfg = Release|Any CPU
		{C926B8B4-E509-4B3A-87C8-39D094BD2FE5}.Release|Any CPU.Build.0 = Release|Any CPU
		{012462AC-81B2-4F20-B8E0-0960C97ABBDC}.Debug|Any CPU.ActiveCfg = Debug|Any CPU
		{012462AC-81B2-4F20-B8E0-0960C97ABBDC}.Debug|Any CPU.Build.0 = Debug|Any CPU
		{012462AC-81B2-4F20-B8E0-0960C97ABBDC}.Release|Any CPU.ActiveCfg = Release|Any CPU
		{012462AC-81B2-4F20-B8E0-0960C97ABBDC}.Release|Any CPU.Build.0 = Release|Any CPU
		{11AE3402-CAB0-42C3-A162-E9B3370FAF48}.Debug|Any CPU.ActiveCfg = Debug|Any CPU
		{11AE3402-CAB0-42C3-A162-E9B3370FAF48}.Debug|Any CPU.Build.0 = Debug|Any CPU
		{11AE3402-CAB0-42C3-A162-E9B3370FAF48}.Release|Any CPU.ActiveCfg = Release|Any CPU
		{11AE3402-CAB0-42C3-A162-E9B3370FAF48}.Release|Any CPU.Build.0 = Release|Any CPU
		{CE95860C-CE2E-40D9-BB8C-9CC5B917D45C}.Debug|Any CPU.ActiveCfg = Debug|Any CPU
		{CE95860C-CE2E-40D9-BB8C-9CC5B917D45C}.Debug|Any CPU.Build.0 = Debug|Any CPU
		{CE95860C-CE2E-40D9-BB8C-9CC5B917D45C}.Release|Any CPU.ActiveCfg = Release|Any CPU
		{CE95860C-CE2E-40D9-BB8C-9CC5B917D45C}.Release|Any CPU.Build.0 = Release|Any CPU
		{CB7C782C-41BE-4920-B2C2-069DA230387D}.Debug|Any CPU.ActiveCfg = Debug|Any CPU
		{CB7C782C-41BE-4920-B2C2-069DA230387D}.Debug|Any CPU.Build.0 = Debug|Any CPU
		{CB7C782C-41BE-4920-B2C2-069DA230387D}.Release|Any CPU.ActiveCfg = Release|Any CPU
		{CB7C782C-41BE-4920-B2C2-069DA230387D}.Release|Any CPU.Build.0 = Release|Any CPU
	EndGlobalSection
	GlobalSection(SolutionProperties) = preSolution
		HideSolutionNode = FALSE
	EndGlobalSection
	GlobalSection(ExtensibilityGlobals) = postSolution
		SolutionGuid = {602D2EC4-D247-4087-9C07-0DFA788C41E4}
	EndGlobalSection
EndGlobal
